
Microsoft Visual Studio Solution File, Format Version 12.00
# Visual Studio Version 16
VisualStudioVersion = 16.0.31005.135
MinimumVisualStudioVersion = 10.0.40219.1
Project("{FAE04EC0-301F-11D3-BF4B-00C04F79EFBC}") = "EF_CodeFirstODEV", "EF_CodeFirstODEV\EF_CodeFirstODEV.csproj", "{6761794C-A30F-48CC-9648-8865ABBA17F4}"
EndProject
Global
	GlobalSection(SolutionConfigurationPlatforms) = preSolution
		Debug|Any CPU = Debug|Any CPU
		Release|Any CPU = Release|Any CPU
	EndGlobalSection
	GlobalSection(ProjectConfigurationPlatforms) = postSolution
		{6761794C-A30F-48CC-9648-8865ABBA17F4}.Debug|Any CPU.ActiveCfg = Debug|Any CPU
		{6761794C-A30F-48CC-9648-8865ABBA17F4}.Debug|Any CPU.Build.0 = Debug|Any CPU
		{6761794C-A30F-48CC-9648-8865ABBA17F4}.Release|Any CPU.ActiveCfg = Release|Any CPU
		{6761794C-A30F-48CC-9648-8865ABBA17F4}.Release|Any CPU.Build.0 = Release|Any CPU
	EndGlobalSection
	GlobalSection(SolutionProperties) = preSolution
		HideSolutionNode = FALSE
	EndGlobalSection
	GlobalSection(ExtensibilityGlobals) = postSolution
		SolutionGuid = {35234383-FAB0-4B6F-8A24-A08DD909C50E}
	EndGlobalSection
EndGlobal
