
Microsoft Visual Studio Solution File, Format Version 12.00
# Visual Studio Version 16
VisualStudioVersion = 16.0.31129.286
MinimumVisualStudioVersion = 10.0.40219.1
Project("{FAE04EC0-301F-11D3-BF4B-00C04F79EFBC}") = "Core_Markup", "Core_Markup\Core_Markup.csproj", "{47794FD0-D4B5-4C6A-AB3E-3CB390643207}"
EndProject
Global
	GlobalSection(SolutionConfigurationPlatforms) = preSolution
		Debug|Any CPU = Debug|Any CPU
		Release|Any CPU = Release|Any CPU
	EndGlobalSection
	GlobalSection(ProjectConfigurationPlatforms) = postSolution
		{47794FD0-D4B5-4C6A-AB3E-3CB390643207}.Debug|Any CPU.ActiveCfg = Debug|Any CPU
		{47794FD0-D4B5-4C6A-AB3E-3CB390643207}.Debug|Any CPU.Build.0 = Debug|Any CPU
		{47794FD0-D4B5-4C6A-AB3E-3CB390643207}.Release|Any CPU.ActiveCfg = Release|Any CPU
		{47794FD0-D4B5-4C6A-AB3E-3CB390643207}.Release|Any CPU.Build.0 = Release|Any CPU
	EndGlobalSection
	GlobalSection(SolutionProperties) = preSolution
		HideSolutionNode = FALSE
	EndGlobalSection
	GlobalSection(ExtensibilityGlobals) = postSolution
		SolutionGuid = {45259FC0-D1EF-471D-9BBE-31099E6977F9}
	EndGlobalSection
EndGlobal
