
Microsoft Visual Studio Solution File, Format Version 12.00
# Visual Studio Version 16
VisualStudioVersion = 16.0.31129.286
MinimumVisualStudioVersion = 10.0.40219.1
Project("{FAE04EC0-301F-11D3-BF4B-00C04F79EFBC}") = "Core_PartialView", "Core_PartialView\Core_PartialView.csproj", "{01C63A2C-072E-41C9-9E1B-93F92CE0E2F5}"
EndProject
Global
	GlobalSection(SolutionConfigurationPlatforms) = preSolution
		Debug|Any CPU = Debug|Any CPU
		Release|Any CPU = Release|Any CPU
	EndGlobalSection
	GlobalSection(ProjectConfigurationPlatforms) = postSolution
		{01C63A2C-072E-41C9-9E1B-93F92CE0E2F5}.Debug|Any CPU.ActiveCfg = Debug|Any CPU
		{01C63A2C-072E-41C9-9E1B-93F92CE0E2F5}.Debug|Any CPU.Build.0 = Debug|Any CPU
		{01C63A2C-072E-41C9-9E1B-93F92CE0E2F5}.Release|Any CPU.ActiveCfg = Release|Any CPU
		{01C63A2C-072E-41C9-9E1B-93F92CE0E2F5}.Release|Any CPU.Build.0 = Release|Any CPU
	EndGlobalSection
	GlobalSection(SolutionProperties) = preSolution
		HideSolutionNode = FALSE
	EndGlobalSection
	GlobalSection(ExtensibilityGlobals) = postSolution
		SolutionGuid = {1395CC52-EBEA-4692-B31C-F477BD079D46}
	EndGlobalSection
EndGlobal
